
Microsoft Visual Studio Solution File, Format Version 12.00
# Visual Studio Version 16
VisualStudioVersion = 16.0.29926.136
MinimumVisualStudioVersion = 10.0.40219.1
Project("{8BC9CEB8-8B4A-11D0-8D11-00A0C91BC942}") = "Maze_task_8", "Maze_task_8\Maze_task_8.vcxproj", "{006E93A7-9C38-4CB0-97F0-239B3B31BB69}"
EndProject
Global
	GlobalSection(SolutionConfigurationPlatforms) = preSolution
		Debug|x64 = Debug|x64
		Debug|x86 = Debug|x86
		Release|x64 = Release|x64
		Release|x86 = Release|x86
	EndGlobalSection
	GlobalSection(ProjectConfigurationPlatforms) = postSolution
		{006E93A7-9C38-4CB0-97F0-239B3B31BB69}.Debug|x64.ActiveCfg = Debug|x64
		{006E93A7-9C38-4CB0-97F0-239B3B31BB69}.Debug|x64.Build.0 = Debug|x64
		{006E93A7-9C38-4CB0-97F0-239B3B31BB69}.Debug|x86.ActiveCfg = Debug|Win32
		{006E93A7-9C38-4CB0-97F0-239B3B31BB69}.Debug|x86.Build.0 = Debug|Win32
		{006E93A7-9C38-4CB0-97F0-239B3B31BB69}.Release|x64.ActiveCfg = Release|x64
		{006E93A7-9C38-4CB0-97F0-239B3B31BB69}.Release|x64.Build.0 = Release|x64
		{006E93A7-9C38-4CB0-97F0-239B3B31BB69}.Release|x86.ActiveCfg = Release|Win32
		{006E93A7-9C38-4CB0-97F0-239B3B31BB69}.Release|x86.Build.0 = Release|Win32
	EndGlobalSection
	GlobalSection(SolutionProperties) = preSolution
		HideSolutionNode = FALSE
	EndGlobalSection
	GlobalSection(ExtensibilityGlobals) = postSolution
		SolutionGuid = {020BDBB7-12ED-4BDF-9B40-788F229F34AA}
	EndGlobalSection
EndGlobal
